
Microsoft Visual Studio Solution File, Format Version 12.00
# Visual Studio Version 17
VisualStudioVersion = 17.10.34707.107
MinimumVisualStudioVersion = 10.0.40219.1
Project("{FAE04EC0-301F-11D3-BF4B-00C04F79EFBC}") = "Ejercicio 52", "Ejercicio 52\Ejercicio 52.csproj", "{3F463469-D374-4A38-AE16-4279738FBA7D}"
EndProject
Global
	GlobalSection(SolutionConfigurationPlatforms) = preSolution
		Debug|Any CPU = Debug|Any CPU
		Release|Any CPU = Release|Any CPU
	EndGlobalSection
	GlobalSection(ProjectConfigurationPlatforms) = postSolution
		{3F463469-D374-4A38-AE16-4279738FBA7D}.Debug|Any CPU.ActiveCfg = Debug|Any CPU
		{3F463469-D374-4A38-AE16-4279738FBA7D}.Debug|Any CPU.Build.0 = Debug|Any CPU
		{3F463469-D374-4A38-AE16-4279738FBA7D}.Release|Any CPU.ActiveCfg = Release|Any CPU
		{3F463469-D374-4A38-AE16-4279738FBA7D}.Release|Any CPU.Build.0 = Release|Any CPU
	EndGlobalSection
	GlobalSection(SolutionProperties) = preSolution
		HideSolutionNode = FALSE
	EndGlobalSection
	GlobalSection(ExtensibilityGlobals) = postSolution
		SolutionGuid = {C818B994-0FD4-477C-B586-E00DFEB4A03A}
	EndGlobalSection
EndGlobal
