
Microsoft Visual Studio Solution File, Format Version 12.00
# Visual Studio Version 17
VisualStudioVersion = 17.10.34707.107
MinimumVisualStudioVersion = 10.0.40219.1
Project("{FAE04EC0-301F-11D3-BF4B-00C04F79EFBC}") = "Ejercicio 53", "Ejercicio 53\Ejercicio 53.csproj", "{C5500370-CEBD-492B-BC2B-B9440DF963C6}"
EndProject
Global
	GlobalSection(SolutionConfigurationPlatforms) = preSolution
		Debug|Any CPU = Debug|Any CPU
		Release|Any CPU = Release|Any CPU
	EndGlobalSection
	GlobalSection(ProjectConfigurationPlatforms) = postSolution
		{C5500370-CEBD-492B-BC2B-B9440DF963C6}.Debug|Any CPU.ActiveCfg = Debug|Any CPU
		{C5500370-CEBD-492B-BC2B-B9440DF963C6}.Debug|Any CPU.Build.0 = Debug|Any CPU
		{C5500370-CEBD-492B-BC2B-B9440DF963C6}.Release|Any CPU.ActiveCfg = Release|Any CPU
		{C5500370-CEBD-492B-BC2B-B9440DF963C6}.Release|Any CPU.Build.0 = Release|Any CPU
	EndGlobalSection
	GlobalSection(SolutionProperties) = preSolution
		HideSolutionNode = FALSE
	EndGlobalSection
	GlobalSection(ExtensibilityGlobals) = postSolution
		SolutionGuid = {6934E395-1A21-4653-81E9-0CCCCAE12013}
	EndGlobalSection
EndGlobal
